hash: aa64784a04cc68fb90f285fabcf0ef22f559493d2ac1c4b78ac13efb203baf5a
updated: 2017-10-26T13:43:39.376488694Z
imports:
- name: github.com/asaskevich/govalidator
  version: fe6b5b8b8a1cbe2b30a494a48ea022d05d5334b3
- name: github.com/astaxie/beego
  version: fe6b5b8b8a1cbe2b30a494a48ea022d05d5334b3
  subpackages:
  - context
  - httplib
  - config
  - context/param
  - grace
  - logs
  - session
  - toolbox
  - utils
- name: github.com/ceph/go-ceph
  version: fe6b5b8b8a1cbe2b30a494a48ea022d05d5334b3
  subpackages:
  - rados
  - rbd
- name: github.com/coreos/etcd
  version: ""
  subpackages:
  - clientv3
  - auth/authpb
  - etcdserver/api/v3rpc/rpctypes
  - etcdserver/etcdserverpb
  - mvcc/mvccpb
- name: github.com/davecgh/go-spew
  version: ecdeabc65495df2dec95d7c4a4c3e021903035e5
  subpackages:
  - spew
- name: github.com/go-ini/ini
  version: ""
- name: github.com/go-openapi/errors
  version: fe6b5b8b8a1cbe2b30a494a48ea022d05d5334b3
- name: github.com/go-openapi/runtime
  version: fe6b5b8b8a1cbe2b30a494a48ea022d05d5334b3
  subpackages:
  - client
- name: github.com/go-openapi/strfmt
  version: fe6b5b8b8a1cbe2b30a494a48ea022d05d5334b3
- name: github.com/go-openapi/swag
  version: fe6b5b8b8a1cbe2b30a494a48ea022d05d5334b3
- name: github.com/go-sql-driver/mysql
  version: fe6b5b8b8a1cbe2b30a494a48ea022d05d5334b3
- name: github.com/golang/glog
  version: fe6b5b8b8a1cbe2b30a494a48ea022d05d5334b3
- name: github.com/golang/protobuf
  version: ""
  subpackages:
  - proto
  - protoc-gen-go
- name: github.com/gophercloud/gophercloud
  version: fe6b5b8b8a1cbe2b30a494a48ea022d05d5334b3
  subpackages:
  - openstack
  - openstack/blockstorage/extensions/schedulerstats
  - openstack/blockstorage/extensions/volumeactions
  - openstack/blockstorage/v2/snapshots
  - openstack/blockstorage/v2/volumes
  - pagination
  - openstack/identity/v2/tokens
  - openstack/identity/v3/tokens
  - openstack/utils
  - openstack/identity/v2/tenants
- name: github.com/inconshreveable/mousetrap
  version: 76626ae9c91c4f2a10f34cad8ce83ea42c93bb75
- name: github.com/mailru/easyjson
  version: fe6b5b8b8a1cbe2b30a494a48ea022d05d5334b3
  subpackages:
  - jlexer
  - jwriter
  - buffer
- name: github.com/mitchellh/mapstructure
  version: fe6b5b8b8a1cbe2b30a494a48ea022d05d5334b3
- name: github.com/pmezard/go-difflib
  version: 792786c7400a136282c1664665ae0a8db921c6c2
  subpackages:
  - difflib
- name: github.com/satori/go.uuid
  version: fe6b5b8b8a1cbe2b30a494a48ea022d05d5334b3
- name: github.com/spf13/cobra
  version: 7b2c5ac9fc04fc5efafb60700713d4fa609b777b
- name: github.com/spf13/pflag
  version: 97afa5e7ca8a08a383cb259e06636b5e2cc7897f
- name: github.com/stretchr/objx
  version: 1a9d0bb9f541897e62256577b352fdbc1fb4fd94
- name: github.com/stretchr/testify
  version: fe6b5b8b8a1cbe2b30a494a48ea022d05d5334b3
  subpackages:
  - mock
  - assert
- name: golang.org/x/net
  version: ""
  subpackages:
  - context
  - context/ctxhttp
  - http2
  - trace
  - http2/hpack
  - idna
  - lex/httplex
  - internal/timeseries
- name: golang.org/x/text
  version: fe6b5b8b8a1cbe2b30a494a48ea022d05d5334b3
  subpackages:
  - secure/bidirule
  - unicode/norm
  - transform
  - unicode/bidi
- name: google.golang.org/grpc
  version: ""
  subpackages:
  - codes
  - credentials
  - grpclog
  - metadata
  - internal
  - keepalive
  - naming
  - peer
  - stats
  - tap
  - transport
- name: gopkg.in/mgo.v2
  version: fe6b5b8b8a1cbe2b30a494a48ea022d05d5334b3
  subpackages:
  - bson
  - internal/json
- name: gopkg.in/yaml.v2
  version: fe6b5b8b8a1cbe2b30a494a48ea022d05d5334b3
testImports:
- name: github.com/bouk/monkey
  version: fe6b5b8b8a1cbe2b30a494a48ea022d05d5334b3
- name: github.com/stretchr/testify
  version: ""
  subpackages:
  - mock
