hash: e54667fd6e1ec36e782448203bc5bc0b6ef6dacfd0f9b4b880c822d82fcd307f
updated: 2017-10-26T12:24:37.032356469Z
imports:
- name: github.com/asaskevich/govalidator
  version: 23beeecd403aa5f25f7bbf6fb575d5b595e2a74a
- name: github.com/astaxie/beego
  version: 23beeecd403aa5f25f7bbf6fb575d5b595e2a74a
  subpackages:
  - context
  - httplib
  - config
  - context/param
  - grace
  - logs
  - session
  - toolbox
  - utils
- name: github.com/ceph/go-ceph
  version: 23beeecd403aa5f25f7bbf6fb575d5b595e2a74a
  subpackages:
  - rados
  - rbd
- name: github.com/coreos/etcd
  version: ""
  subpackages:
  - clientv3
  - auth/authpb
  - etcdserver/api/v3rpc/rpctypes
  - etcdserver/etcdserverpb
  - mvcc/mvccpb
- name: github.com/davecgh/go-spew
  version: ecdeabc65495df2dec95d7c4a4c3e021903035e5
  subpackages:
  - spew
- name: github.com/go-ini/ini
  version: ""
- name: github.com/go-openapi/errors
  version: 23beeecd403aa5f25f7bbf6fb575d5b595e2a74a
- name: github.com/go-openapi/runtime
  version: 23beeecd403aa5f25f7bbf6fb575d5b595e2a74a
  subpackages:
  - client
- name: github.com/go-openapi/strfmt
  version: 23beeecd403aa5f25f7bbf6fb575d5b595e2a74a
- name: github.com/go-openapi/swag
  version: 23beeecd403aa5f25f7bbf6fb575d5b595e2a74a
- name: github.com/go-sql-driver/mysql
  version: 23beeecd403aa5f25f7bbf6fb575d5b595e2a74a
- name: github.com/golang/glog
  version: 23beeecd403aa5f25f7bbf6fb575d5b595e2a74a
- name: github.com/golang/protobuf
  version: ""
  subpackages:
  - proto
  - protoc-gen-go
- name: github.com/gophercloud/gophercloud
  version: 23beeecd403aa5f25f7bbf6fb575d5b595e2a74a
  subpackages:
  - openstack
  - openstack/blockstorage/extensions/schedulerstats
  - openstack/blockstorage/extensions/volumeactions
  - openstack/blockstorage/v2/snapshots
  - openstack/blockstorage/v2/volumes
  - pagination
  - openstack/identity/v2/tokens
  - openstack/identity/v3/tokens
  - openstack/utils
  - openstack/identity/v2/tenants
- name: github.com/inconshreveable/mousetrap
  version: 76626ae9c91c4f2a10f34cad8ce83ea42c93bb75
- name: github.com/mailru/easyjson
  version: 23beeecd403aa5f25f7bbf6fb575d5b595e2a74a
  subpackages:
  - jlexer
  - jwriter
  - buffer
- name: github.com/mitchellh/mapstructure
  version: 23beeecd403aa5f25f7bbf6fb575d5b595e2a74a
- name: github.com/pmezard/go-difflib
  version: 792786c7400a136282c1664665ae0a8db921c6c2
  subpackages:
  - difflib
- name: github.com/satori/go.uuid
  version: 23beeecd403aa5f25f7bbf6fb575d5b595e2a74a
- name: github.com/spf13/cobra
  version: 7b2c5ac9fc04fc5efafb60700713d4fa609b777b
- name: github.com/spf13/pflag
  version: 08b1a584251b5b62f458943640fc8ebd4d50aaa5
- name: github.com/stretchr/objx
  version: 1a9d0bb9f541897e62256577b352fdbc1fb4fd94
- name: github.com/stretchr/testify
  version: 23beeecd403aa5f25f7bbf6fb575d5b595e2a74a
  subpackages:
  - mock
  - assert
- name: golang.org/x/net
  version: ""
  subpackages:
  - context
  - context/ctxhttp
  - http2
  - trace
  - http2/hpack
  - idna
  - lex/httplex
  - internal/timeseries
- name: golang.org/x/text
  version: 23beeecd403aa5f25f7bbf6fb575d5b595e2a74a
  subpackages:
  - secure/bidirule
  - unicode/norm
  - transform
  - unicode/bidi
- name: google.golang.org/grpc
  version: ""
  subpackages:
  - codes
  - credentials
  - grpclog
  - metadata
  - internal
  - keepalive
  - naming
  - peer
  - stats
  - tap
  - transport
- name: gopkg.in/mgo.v2
  version: 23beeecd403aa5f25f7bbf6fb575d5b595e2a74a
  subpackages:
  - bson
  - internal/json
- name: gopkg.in/yaml.v2
  version: 23beeecd403aa5f25f7bbf6fb575d5b595e2a74a
testImports:
- name: github.com/bouk/monkey
  version: 23beeecd403aa5f25f7bbf6fb575d5b595e2a74a
- name: github.com/stretchr/testify
  version: ""
  subpackages:
  - mock
