hash: 02ede1084559cb2c65f4aa8daa75b90e113d3b00459d429b86e51428fec59de3
updated: 2018-05-30T08:59:22.552062484Z
imports:
- name: github.com/astaxie/beego
  version: bf5c5626ab429e66d88602e1ab1ab5fbf4629a01
  subpackages:
  - config
  - context
  - context/param
  - grace
  - httplib
  - logs
  - session
  - toolbox
  - utils
- name: github.com/ceph/go-ceph
  version: 81e4191e131b21e282a9289621383237677d2437
  subpackages:
  - rados
  - rbd
- name: github.com/coreos/etcd
  version: e348b1aedd9167360c466ae98f7343d3e22281f8
  subpackages:
  - auth/authpb
  - clientv3
  - etcdserver/api/v3rpc/rpctypes
  - etcdserver/etcdserverpb
  - mvcc/mvccpb
  - pkg/types
- name: github.com/davecgh/go-spew
  version: 04cdfd42973bb9c8589fd6a731800cf222fde1a9
  subpackages:
  - spew
- name: github.com/go-ini/ini
  version: 6333e38ac20b8949a8dd68baa3650f4dee8f39f0
- name: github.com/gogo/protobuf
  version: 342cbe0a04158f6dcb03ca0079991a51a4248c02
  subpackages:
  - gogoproto
  - proto
  - protoc-gen-gogo/descriptor
- name: github.com/golang/glog
  version: 23def4e6c14b4da8ac2ed8007337bc5eb5007998
- name: github.com/golang/protobuf
  version: 1e59b77b52bf8e4b449a57e6f79f21226d571845
  subpackages:
  - proto
  - ptypes
  - ptypes/any
  - ptypes/duration
  - ptypes/timestamp
- name: github.com/gophercloud/gophercloud
  version: 754e57e7867bfa48062ff2a237caad538085700a
  subpackages:
  - openstack
  - openstack/blockstorage/extensions/schedulerstats
  - openstack/blockstorage/extensions/volumeactions
  - openstack/blockstorage/noauth
  - openstack/blockstorage/v2/snapshots
  - openstack/blockstorage/v2/volumes
  - openstack/identity/v2/tenants
  - openstack/identity/v2/tokens
  - openstack/identity/v3/tokens
  - openstack/utils
  - pagination
- name: github.com/inconshreveable/mousetrap
  version: 76626ae9c91c4f2a10f34cad8ce83ea42c93bb75
- name: github.com/LINBIT/godrbdutils
  version: 65b98a0f103a76a594d9862fb6f33c43c2b46123
- name: github.com/mitchellh/mapstructure
  version: a4e142e9c047c904fa2f1e144d9a84e6133024bc
- name: github.com/pmezard/go-difflib
  version: 792786c7400a136282c1664665ae0a8db921c6c2
  subpackages:
  - difflib
- name: github.com/satori/go.uuid
  version: 879c5887cd475cd7864858769793b2ceb0d44feb
- name: github.com/spf13/cobra
  version: a1e4933ab784095895e33dbe9f001ba10cfe2060
- name: github.com/spf13/pflag
  version: e57e3eeb33f795204c1ca35f56c44f83227c6e66
- name: github.com/stretchr/objx
  version: 8a3f7159479fbc75b30357fbc48f380b7320f08e
- name: github.com/stretchr/testify
  version: 12b6f73e6084dad08a7c6e575284b177ecafbc71
  subpackages:
  - assert
  - mock
- name: golang.org/x/net
  version: 66aacef3dd8a676686c7ae3716979581e8b03c47
  subpackages:
  - context
  - http2
  - http2/hpack
  - idna
  - internal/timeseries
  - lex/httplex
  - trace
- name: golang.org/x/text
  version: b19bf474d317b857955b12035d2c5acb57ce8b01
  subpackages:
  - secure/bidirule
  - transform
  - unicode/bidi
  - unicode/norm
- name: google.golang.org/genproto
  version: 09f6ed296fc66555a25fe4ce95173148778dfa85
  subpackages:
  - googleapis/rpc/status
- name: google.golang.org/grpc
  version: 5b3c4e850e90a4cf6a20ebd46c8b32a0a3afcb9e
  subpackages:
  - balancer
  - codes
  - connectivity
  - credentials
  - grpclb/grpc_lb_v1/messages
  - grpclog
  - health/grpc_health_v1
  - internal
  - keepalive
  - metadata
  - naming
  - peer
  - resolver
  - stats
  - status
  - tap
  - transport
- name: gopkg.in/yaml.v2
  version: d670f9405373e636a5a2765eea47fac0c9bc91a4
testImports: []
