hash: bfce388ac3e11f8c2eaa9fff6c3e563ccbfca85b6cc92e70eda56ca09e63ac05
updated: 2018-03-14T12:42:09.803203146Z
imports:
- name: github.com/astaxie/beego
  version: bf5c5626ab429e66d88602e1ab1ab5fbf4629a01
  subpackages:
  - context
  - httplib
- name: github.com/ceph/go-ceph
  version: 81e4191e131b21e282a9289621383237677d2437
- name: github.com/coreos/etcd
  version: 28f3f26c0e303392556035b694f75768d449d33d
  subpackages:
  - clientv3
- name: github.com/go-ini/ini
  version: 32e4c1e6bc4e7d0d8451aa6b75200d19e37a536a
- name: github.com/golang/glog
  version: 23def4e6c14b4da8ac2ed8007337bc5eb5007998
- name: github.com/golang/protobuf
  version: 1e59b77b52bf8e4b449a57e6f79f21226d571845
- name: github.com/gophercloud/gophercloud
  version: 754e57e7867bfa48062ff2a237caad538085700a
  subpackages:
  - openstack
  - openstack/blockstorage/extensions/schedulerstats
  - openstack/blockstorage/extensions/volumeactions
  - openstack/blockstorage/noauth
  - openstack/blockstorage/v2/snapshots
  - openstack/blockstorage/v2/volumes
- name: github.com/satori/go.uuid
  version: 879c5887cd475cd7864858769793b2ceb0d44feb
- name: github.com/spf13/cobra
  version: a1e4933ab784095895e33dbe9f001ba10cfe2060
- name: github.com/spf13/pflag
  version: e57e3eeb33f795204c1ca35f56c44f83227c6e66
- name: golang.org/x/net
  version: 66aacef3dd8a676686c7ae3716979581e8b03c47
  subpackages:
  - context
- name: google.golang.org/grpc
  version: 8e4536a86ab602859c20df5ebfd0bd4228d08655
- name: gopkg.in/yaml.v2
  version: d670f9405373e636a5a2765eea47fac0c9bc91a4
testImports: []
